
Microsoft Visual Studio Solution File, Format Version 12.00
# Visual Studio Version 17
VisualStudioVersion = 17.0.31903.59
MinimumVisualStudioVersion = 10.0.40219.1
Project("{2150E333-8FDC-42A3-9474-1A3956D46DE8}") = "MIcroServices", "MIcroServices", "{02EA681E-C7D8-13C7-8484-4AC65E1B71E8}"
EndProject
Project("{2150E333-8FDC-42A3-9474-1A3956D46DE8}") = "WorkService", "WorkService", "{E0779C37-E13D-4B26-B87E-E9CC3413CBB8}"
EndProject
Project("{FAE04EC0-301F-11D3-BF4B-00C04F79EFBC}") = "WorkService.API", "MicroServices\WorkService\API\WorkService.API.csproj", "{2662F13B-BFBE-0024-6A6E-5F3B9C7AFC98}"
EndProject
Project("{FAE04EC0-301F-11D3-BF4B-00C04F79EFBC}") = "WorkService.BLL", "MicroServices\WorkService\BLL\WorkService.BLL.csproj", "{05223530-FEFA-D5E9-1430-66688F517C29}"
EndProject
Project("{FAE04EC0-301F-11D3-BF4B-00C04F79EFBC}") = "WorkService.DAL", "MicroServices\WorkService\DAL\WorkService.DAL.csproj", "{1F230F81-D486-B2B3-278C-71C4C5822285}"
EndProject
Project("{FAE04EC0-301F-11D3-BF4B-00C04F79EFBC}") = "WorkService.Domain", "MicroServices\WorkService\Domain\WorkService.Domain.csproj", "{54815C43-3E4F-00F0-1F55-4C7339562841}"
EndProject
Project("{2150E333-8FDC-42A3-9474-1A3956D46DE8}") = "ReviewService", "ReviewService", "{36DDD812-FDD6-4B23-924D-B3BA1A031F0B}"
EndProject
Project("{FAE04EC0-301F-11D3-BF4B-00C04F79EFBC}") = "ReviewService.API", "MicroServices\ReviewService\API\ReviewService.API.csproj", "{A883DDBD-6F01-8744-992E-8F203BBFD2AD}"
EndProject
Project("{FAE04EC0-301F-11D3-BF4B-00C04F79EFBC}") = "ReviewService.Application", "MicroServices\ReviewService\Application\ReviewService.Application.csproj", "{90E87EAC-2EC9-C40E-C2CF-844BC7864599}"
EndProject
Project("{FAE04EC0-301F-11D3-BF4B-00C04F79EFBC}") = "ReviewService.Domain", "MicroServices\ReviewService\Domain\ReviewService.Domain.csproj", "{A42FFF8C-A73E-2ABD-DF25-819A9CC468BF}"
EndProject
Project("{FAE04EC0-301F-11D3-BF4B-00C04F79EFBC}") = "ReviewService.Infrastructure", "MicroServices\ReviewService\Infrastructure\ReviewService.Infrastructure.csproj", "{19EAA56F-88CB-2AB3-33D4-5A56F42F4E7D}"
EndProject
Project("{FAE04EC0-301F-11D3-BF4B-00C04F79EFBC}") = "AppHost", "AppHost\AppHost.csproj", "{5362D4D6-375C-4763-A56D-92682B01CFD0}"
EndProject
Project("{FAE04EC0-301F-11D3-BF4B-00C04F79EFBC}") = "ServiceDefaults", "ServiceDefaults\ServiceDefaults.csproj", "{4CF3AB2D-34D5-4E95-8139-6BF6C4D66BF0}"
EndProject
Project("{2150E333-8FDC-42A3-9474-1A3956D46DE8}") = "TaskService", "TaskService", "{C9A24EA5-94DD-4CAD-BB46-2C2BDE01C670}"
EndProject
Project("{FAE04EC0-301F-11D3-BF4B-00C04F79EFBC}") = "TaskService.API", "MicroServices\TaskService\API\TaskService.API.csproj", "{3C7BCD63-4A38-2432-6BFC-332CE8715E2B}"
EndProject
Project("{FAE04EC0-301F-11D3-BF4B-00C04F79EFBC}") = "TaskService.BLL", "MicroServices\TaskService\BLL\TaskService.BLL.csproj", "{C0188623-6DC1-91FA-264A-8B35CF3D9401}"
EndProject
Project("{FAE04EC0-301F-11D3-BF4B-00C04F79EFBC}") = "TaskService.DAL", "MicroServices\TaskService\DAL\TaskService.DAL.csproj", "{F02AFF14-37BD-D228-880E-95C0B469B08A}"
EndProject
Project("{FAE04EC0-301F-11D3-BF4B-00C04F79EFBC}") = "TaskService.Domain", "MicroServices\TaskService\Domain\TaskService.Domain.csproj", "{E05698A4-091D-6CFB-5C2E-764590DA08FC}"
EndProject
Project("{FAE04EC0-301F-11D3-BF4B-00C04F79EFBC}") = "Gateway", "Gateway\Gateway.csproj", "{2CADB68C-FB3B-D474-56C8-AE901F365B9C}"
EndProject
Project("{2150E333-8FDC-42A3-9474-1A3956D46DE8}") = "Aggregator", "Aggregator", "{C23EBA40-4ECA-4070-9D9A-B945B070CFC7}"
EndProject
Project("{FAE04EC0-301F-11D3-BF4B-00C04F79EFBC}") = "Aggregator.API", "Aggregator\Aggregator.API\Aggregator.API.csproj", "{B7C96CF5-3C6D-EE98-7999-824AEDD9BA3E}"
EndProject
Project("{FAE04EC0-301F-11D3-BF4B-00C04F79EFBC}") = "Aggregator.HTTP", "Aggregator\Aggregator.HTTP\Aggregator.HTTP.csproj", "{56203493-9225-473C-B9C1-FE9D47B1A596}"
EndProject
Project("{FAE04EC0-301F-11D3-BF4B-00C04F79EFBC}") = "SkillHub.Contracts", "MicroServices\Contracts\SkillHub.Contracts\SkillHub.Contracts.csproj", "{947B09EB-659A-8E38-A693-1AF5983812BF}"
EndProject
Global
	GlobalSection(SolutionConfigurationPlatforms) = preSolution
		Debug|Any CPU = Debug|Any CPU
		Release|Any CPU = Release|Any CPU
	EndGlobalSection
	GlobalSection(ProjectConfigurationPlatforms) = postSolution
		{2662F13B-BFBE-0024-6A6E-5F3B9C7AFC98}.Debug|Any CPU.ActiveCfg = Debug|Any CPU
		{2662F13B-BFBE-0024-6A6E-5F3B9C7AFC98}.Debug|Any CPU.Build.0 = Debug|Any CPU
		{2662F13B-BFBE-0024-6A6E-5F3B9C7AFC98}.Release|Any CPU.ActiveCfg = Release|Any CPU
		{2662F13B-BFBE-0024-6A6E-5F3B9C7AFC98}.Release|Any CPU.Build.0 = Release|Any CPU
		{05223530-FEFA-D5E9-1430-66688F517C29}.Debug|Any CPU.ActiveCfg = Debug|Any CPU
		{05223530-FEFA-D5E9-1430-66688F517C29}.Debug|Any CPU.Build.0 = Debug|Any CPU
		{05223530-FEFA-D5E9-1430-66688F517C29}.Release|Any CPU.ActiveCfg = Release|Any CPU
		{05223530-FEFA-D5E9-1430-66688F517C29}.Release|Any CPU.Build.0 = Release|Any CPU
		{1F230F81-D486-B2B3-278C-71C4C5822285}.Debug|Any CPU.ActiveCfg = Debug|Any CPU
		{1F230F81-D486-B2B3-278C-71C4C5822285}.Debug|Any CPU.Build.0 = Debug|Any CPU
		{1F230F81-D486-B2B3-278C-71C4C5822285}.Release|Any CPU.ActiveCfg = Release|Any CPU
		{1F230F81-D486-B2B3-278C-71C4C5822285}.Release|Any CPU.Build.0 = Release|Any CPU
		{54815C43-3E4F-00F0-1F55-4C7339562841}.Debug|Any CPU.ActiveCfg = Debug|Any CPU
		{54815C43-3E4F-00F0-1F55-4C7339562841}.Debug|Any CPU.Build.0 = Debug|Any CPU
		{54815C43-3E4F-00F0-1F55-4C7339562841}.Release|Any CPU.ActiveCfg = Release|Any CPU
		{54815C43-3E4F-00F0-1F55-4C7339562841}.Release|Any CPU.Build.0 = Release|Any CPU
		{A883DDBD-6F01-8744-992E-8F203BBFD2AD}.Debug|Any CPU.ActiveCfg = Debug|Any CPU
		{A883DDBD-6F01-8744-992E-8F203BBFD2AD}.Debug|Any CPU.Build.0 = Debug|Any CPU
		{A883DDBD-6F01-8744-992E-8F203BBFD2AD}.Release|Any CPU.ActiveCfg = Release|Any CPU
		{A883DDBD-6F01-8744-992E-8F203BBFD2AD}.Release|Any CPU.Build.0 = Release|Any CPU
		{90E87EAC-2EC9-C40E-C2CF-844BC7864599}.Debug|Any CPU.ActiveCfg = Debug|Any CPU
		{90E87EAC-2EC9-C40E-C2CF-844BC7864599}.Debug|Any CPU.Build.0 = Debug|Any CPU
		{90E87EAC-2EC9-C40E-C2CF-844BC7864599}.Release|Any CPU.ActiveCfg = Release|Any CPU
		{90E87EAC-2EC9-C40E-C2CF-844BC7864599}.Release|Any CPU.Build.0 = Release|Any CPU
		{A42FFF8C-A73E-2ABD-DF25-819A9CC468BF}.Debug|Any CPU.ActiveCfg = Debug|Any CPU
		{A42FFF8C-A73E-2ABD-DF25-819A9CC468BF}.Debug|Any CPU.Build.0 = Debug|Any CPU
		{A42FFF8C-A73E-2ABD-DF25-819A9CC468BF}.Release|Any CPU.ActiveCfg = Release|Any CPU
		{A42FFF8C-A73E-2ABD-DF25-819A9CC468BF}.Release|Any CPU.Build.0 = Release|Any CPU
		{19EAA56F-88CB-2AB3-33D4-5A56F42F4E7D}.Debug|Any CPU.ActiveCfg = Debug|Any CPU
		{19EAA56F-88CB-2AB3-33D4-5A56F42F4E7D}.Debug|Any CPU.Build.0 = Debug|Any CPU
		{19EAA56F-88CB-2AB3-33D4-5A56F42F4E7D}.Release|Any CPU.ActiveCfg = Release|Any CPU
		{19EAA56F-88CB-2AB3-33D4-5A56F42F4E7D}.Release|Any CPU.Build.0 = Release|Any CPU
		{5362D4D6-375C-4763-A56D-92682B01CFD0}.Debug|Any CPU.ActiveCfg = Debug|Any CPU
		{5362D4D6-375C-4763-A56D-92682B01CFD0}.Debug|Any CPU.Build.0 = Debug|Any CPU
		{5362D4D6-375C-4763-A56D-92682B01CFD0}.Release|Any CPU.ActiveCfg = Release|Any CPU
		{5362D4D6-375C-4763-A56D-92682B01CFD0}.Release|Any CPU.Build.0 = Release|Any CPU
		{4CF3AB2D-34D5-4E95-8139-6BF6C4D66BF0}.Debug|Any CPU.ActiveCfg = Debug|Any CPU
		{4CF3AB2D-34D5-4E95-8139-6BF6C4D66BF0}.Debug|Any CPU.Build.0 = Debug|Any CPU
		{4CF3AB2D-34D5-4E95-8139-6BF6C4D66BF0}.Release|Any CPU.ActiveCfg = Release|Any CPU
		{4CF3AB2D-34D5-4E95-8139-6BF6C4D66BF0}.Release|Any CPU.Build.0 = Release|Any CPU
		{3C7BCD63-4A38-2432-6BFC-332CE8715E2B}.Debug|Any CPU.ActiveCfg = Debug|Any CPU
		{3C7BCD63-4A38-2432-6BFC-332CE8715E2B}.Debug|Any CPU.Build.0 = Debug|Any CPU
		{3C7BCD63-4A38-2432-6BFC-332CE8715E2B}.Release|Any CPU.ActiveCfg = Release|Any CPU
		{3C7BCD63-4A38-2432-6BFC-332CE8715E2B}.Release|Any CPU.Build.0 = Release|Any CPU
		{C0188623-6DC1-91FA-264A-8B35CF3D9401}.Debug|Any CPU.ActiveCfg = Debug|Any CPU
		{C0188623-6DC1-91FA-264A-8B35CF3D9401}.Debug|Any CPU.Build.0 = Debug|Any CPU
		{C0188623-6DC1-91FA-264A-8B35CF3D9401}.Release|Any CPU.ActiveCfg = Release|Any CPU
		{C0188623-6DC1-91FA-264A-8B35CF3D9401}.Release|Any CPU.Build.0 = Release|Any CPU
		{F02AFF14-37BD-D228-880E-95C0B469B08A}.Debug|Any CPU.ActiveCfg = Debug|Any CPU
		{F02AFF14-37BD-D228-880E-95C0B469B08A}.Debug|Any CPU.Build.0 = Debug|Any CPU
		{F02AFF14-37BD-D228-880E-95C0B469B08A}.Release|Any CPU.ActiveCfg = Release|Any CPU
		{F02AFF14-37BD-D228-880E-95C0B469B08A}.Release|Any CPU.Build.0 = Release|Any CPU
		{E05698A4-091D-6CFB-5C2E-764590DA08FC}.Debug|Any CPU.ActiveCfg = Debug|Any CPU
		{E05698A4-091D-6CFB-5C2E-764590DA08FC}.Debug|Any CPU.Build.0 = Debug|Any CPU
		{E05698A4-091D-6CFB-5C2E-764590DA08FC}.Release|Any CPU.ActiveCfg = Release|Any CPU
		{E05698A4-091D-6CFB-5C2E-764590DA08FC}.Release|Any CPU.Build.0 = Release|Any CPU
		{2CADB68C-FB3B-D474-56C8-AE901F365B9C}.Debug|Any CPU.ActiveCfg = Debug|Any CPU
		{2CADB68C-FB3B-D474-56C8-AE901F365B9C}.Debug|Any CPU.Build.0 = Debug|Any CPU
		{2CADB68C-FB3B-D474-56C8-AE901F365B9C}.Release|Any CPU.ActiveCfg = Release|Any CPU
		{2CADB68C-FB3B-D474-56C8-AE901F365B9C}.Release|Any CPU.Build.0 = Release|Any CPU
		{B7C96CF5-3C6D-EE98-7999-824AEDD9BA3E}.Debug|Any CPU.ActiveCfg = Debug|Any CPU
		{B7C96CF5-3C6D-EE98-7999-824AEDD9BA3E}.Debug|Any CPU.Build.0 = Debug|Any CPU
		{B7C96CF5-3C6D-EE98-7999-824AEDD9BA3E}.Release|Any CPU.ActiveCfg = Release|Any CPU
		{B7C96CF5-3C6D-EE98-7999-824AEDD9BA3E}.Release|Any CPU.Build.0 = Release|Any CPU
		{56203493-9225-473C-B9C1-FE9D47B1A596}.Debug|Any CPU.ActiveCfg = Debug|Any CPU
		{56203493-9225-473C-B9C1-FE9D47B1A596}.Debug|Any CPU.Build.0 = Debug|Any CPU
		{56203493-9225-473C-B9C1-FE9D47B1A596}.Release|Any CPU.ActiveCfg = Release|Any CPU
		{56203493-9225-473C-B9C1-FE9D47B1A596}.Release|Any CPU.Build.0 = Release|Any CPU
		{947B09EB-659A-8E38-A693-1AF5983812BF}.Debug|Any CPU.ActiveCfg = Debug|Any CPU
		{947B09EB-659A-8E38-A693-1AF5983812BF}.Debug|Any CPU.Build.0 = Debug|Any CPU
		{947B09EB-659A-8E38-A693-1AF5983812BF}.Release|Any CPU.ActiveCfg = Release|Any CPU
		{947B09EB-659A-8E38-A693-1AF5983812BF}.Release|Any CPU.Build.0 = Release|Any CPU
	EndGlobalSection
	GlobalSection(SolutionProperties) = preSolution
		HideSolutionNode = FALSE
	EndGlobalSection
	GlobalSection(NestedProjects) = preSolution
		{E0779C37-E13D-4B26-B87E-E9CC3413CBB8} = {02EA681E-C7D8-13C7-8484-4AC65E1B71E8}
		{2662F13B-BFBE-0024-6A6E-5F3B9C7AFC98} = {E0779C37-E13D-4B26-B87E-E9CC3413CBB8}
		{05223530-FEFA-D5E9-1430-66688F517C29} = {E0779C37-E13D-4B26-B87E-E9CC3413CBB8}
		{1F230F81-D486-B2B3-278C-71C4C5822285} = {E0779C37-E13D-4B26-B87E-E9CC3413CBB8}
		{54815C43-3E4F-00F0-1F55-4C7339562841} = {E0779C37-E13D-4B26-B87E-E9CC3413CBB8}
		{36DDD812-FDD6-4B23-924D-B3BA1A031F0B} = {02EA681E-C7D8-13C7-8484-4AC65E1B71E8}
		{A883DDBD-6F01-8744-992E-8F203BBFD2AD} = {36DDD812-FDD6-4B23-924D-B3BA1A031F0B}
		{90E87EAC-2EC9-C40E-C2CF-844BC7864599} = {36DDD812-FDD6-4B23-924D-B3BA1A031F0B}
		{A42FFF8C-A73E-2ABD-DF25-819A9CC468BF} = {36DDD812-FDD6-4B23-924D-B3BA1A031F0B}
		{19EAA56F-88CB-2AB3-33D4-5A56F42F4E7D} = {36DDD812-FDD6-4B23-924D-B3BA1A031F0B}
		{C9A24EA5-94DD-4CAD-BB46-2C2BDE01C670} = {02EA681E-C7D8-13C7-8484-4AC65E1B71E8}
		{3C7BCD63-4A38-2432-6BFC-332CE8715E2B} = {C9A24EA5-94DD-4CAD-BB46-2C2BDE01C670}
		{C0188623-6DC1-91FA-264A-8B35CF3D9401} = {C9A24EA5-94DD-4CAD-BB46-2C2BDE01C670}
		{F02AFF14-37BD-D228-880E-95C0B469B08A} = {C9A24EA5-94DD-4CAD-BB46-2C2BDE01C670}
		{E05698A4-091D-6CFB-5C2E-764590DA08FC} = {C9A24EA5-94DD-4CAD-BB46-2C2BDE01C670}
		{B7C96CF5-3C6D-EE98-7999-824AEDD9BA3E} = {C23EBA40-4ECA-4070-9D9A-B945B070CFC7}
		{56203493-9225-473C-B9C1-FE9D47B1A596} = {C23EBA40-4ECA-4070-9D9A-B945B070CFC7}
		{947B09EB-659A-8E38-A693-1AF5983812BF} = {02EA681E-C7D8-13C7-8484-4AC65E1B71E8}
	EndGlobalSection
	GlobalSection(ExtensibilityGlobals) = postSolution
		SolutionGuid = {A0478503-F657-45CA-9F06-ADBD5F3DA539}
	EndGlobalSection
EndGlobal
